<?xml version="1.0" encoding="utf-8"?>
<Project ToolsVersion="4.0" xmlns="http://schemas.microsoft.com/developer/msbuild/2003">
  <ItemGroup>
    <Filter Include="Source Files">
      <UniqueIdentifier>{4FC737F1-C7A5-4376-A066-2A32D752A2FF}</UniqueIdentifier>
      <Extensions>cpp;c;cc;cxx;def;odl;idl;hpj;bat;asm;asmx</Extensions>
    </Filter>
    <Filter Include="Header Files">
      <UniqueIdentifier>{93995380-89BD-4b04-88EB-625FBE52EBFB}</UniqueIdentifier>
      <Extensions>h;hh;hpp;hxx;hm;inl;inc;xsd</Extensions>
    </Filter>
    <Filter Include="Resource Files">
      <UniqueIdentifier>{67DA6AB6-F800-4c08-8B7A-83BB121AAD01}</UniqueIdentifier>
      <Extensions>rc;ico;cur;bmp;dlg;rc2;rct;bin;rgs;gif;jpg;jpeg;jpe;resx;tiff;tif;png;wav;mfcribbon-ms</Extensions>
    </Filter>
  </ItemGroup>
  <ItemGroup>
    <None Include="JohnsBike.ino" />
  </ItemGroup>
  <ItemGroup>
    <ClInclude Include="__vm\.JohnsBike.vsarduino.h">
      <Filter>Header Files</Filter>
    </ClInclude>
    <ClInclude Include="src\Everyone.h">
      <Filter>Header Files</Filter>
    </ClInclude>
    <ClInclude Include="src\FixedColorMode.h">
      <Filter>Header Files</Filter>
    </ClInclude>
    <ClInclude Include="src\LedDisplay.h">
      <Filter>Header Files</Filter>
    </ClInclude>
    <ClInclude Include="src\LightedObject.h">
      <Filter>Header Files</Filter>
    </ClInclude>
    <ClInclude Include="src\LightedPart.h">
      <Filter>Header Files</Filter>
    </ClInclude>
    <ClInclude Include="src\LightingState.h">
      <Filter>Header Files</Filter>
    </ClInclude>
    <ClInclude Include="src\Mode.h">
      <Filter>Header Files</Filter>
    </ClInclude>
    <ClInclude Include="src\ModeRegistry.h">
      <Filter>Header Files</Filter>
    </ClInclude>
    <ClInclude Include="src\Participant.h">
      <Filter>Header Files</Filter>
    </ClInclude>
    <ClInclude Include="src\ParticipantManager.h">
      <Filter>Header Files</Filter>
    </ClInclude>
    <ClInclude Include="src\Radio.h">
      <Filter>Header Files</Filter>
    </ClInclude>
    <ClInclude Include="src\SarasMode.h">
      <Filter>Header Files</Filter>
    </ClInclude>
    <ClInclude Include="src\TotemMode.h">
      <Filter>Header Files</Filter>
    </ClInclude>
    <ClInclude Include="src\FixedWave.h">
      <Filter>Header Files</Filter>
    </ClInclude>
  </ItemGroup>
  <ItemGroup>
    <ClCompile Include="src\Everyone.cpp">
      <Filter>Source Files</Filter>
    </ClCompile>
    <ClCompile Include="src\FixedColorMode.cpp">
      <Filter>Source Files</Filter>
    </ClCompile>
    <ClCompile Include="src\LedDisplay.cpp">
      <Filter>Source Files</Filter>
    </ClCompile>
    <ClCompile Include="src\LightedObject.cpp">
      <Filter>Source Files</Filter>
    </ClCompile>
    <ClCompile Include="src\LightedPart.cpp">
      <Filter>Source Files</Filter>
    </ClCompile>
    <ClCompile Include="src\LightingState.cpp">
      <Filter>Source Files</Filter>
    </ClCompile>
    <ClCompile Include="src\Mode.cpp">
      <Filter>Source Files</Filter>
    </ClCompile>
    <ClCompile Include="src\ModeRegistry.cpp">
      <Filter>Source Files</Filter>
    </ClCompile>
    <ClCompile Include="src\Participant.cpp">
      <Filter>Source Files</Filter>
    </ClCompile>
    <ClCompile Include="src\ParticipantManager.cpp">
      <Filter>Source Files</Filter>
    </ClCompile>
    <ClCompile Include="src\Radio.cpp">
      <Filter>Source Files</Filter>
    </ClCompile>
    <ClCompile Include="src\TotemMode.cpp">
      <Filter>Source Files</Filter>
    </ClCompile>
    <ClCompile Include="src\FixedWave.cpp">
      <Filter>Source Files</Filter>
    </ClCompile>
  </ItemGroup>
</Project>